{
  "version": 4,
  "terraform_version": "1.14.3",
  "serial": 8,
  "lineage": "0d84aae0-d4bc-ca1b-ba9e-6dbdc5790796",
  "outputs": {},
  "resources": [
    {
      "mode": "data",
      "type": "yandex_compute_image",
      "name": "ubuntu",
      "provider": "provider[\"registry.terraform.io/yandex-cloud/yandex\"]",
      "instances": [
        {
          "schema_version": 0,
          "attributes": {
            "created_at": "2026-03-02T11:29:52Z",
            "description": "Ubuntu 22.04 lts v20260220030514",
            "family": "ubuntu-2204-lts",
            "folder_id": "standard-images",
            "hardware_generation": [
              {
                "generation2_features": [],
                "legacy_features": [
                  {
                    "pci_topology": "PCI_TOPOLOGY_V2"
                  }
                ]
              }
            ],
            "id": "fd8tb05vfocj9h49m08d",
            "image_id": "fd8tb05vfocj9h49m08d",
            "kms_key_id": null,
            "labels": {
              "version": "20260220030514",
              "x-hopper-operation-id": "d9p47u0cns78hmh71t4f",
              "x-hopper-source-image-id": "fd81m1lkd095if964lsi"
            },
            "min_disk_size": 8,
            "name": "ubuntu-22-04-lts-v20260302",
            "os_type": "linux",
            "pooled": true,
            "product_ids": [
              "f2eqtmbk42ctg384nfdv"
            ],
            "size": 2,
            "status": "ready"
          },
          "sensitive_attributes": [],
          "identity_schema_version": 0
        }
      ]
    },
    {
      "mode": "data",
      "type": "yandex_vpc_subnet",
      "name": "subnet",
      "provider": "provider[\"registry.terraform.io/yandex-cloud/yandex\"]",
      "instances": [
        {
          "schema_version": 0,
          "attributes": {
            "created_at": "2026-02-03T10:06:05Z",
            "description": "",
            "dhcp_options": [],
            "folder_id": "b1g72g9tol5c1p1d53uc",
            "id": "e9bj75c1s43vmjgail87",
            "labels": {},
            "name": "subnet",
            "network_id": "enpo2pjv8mqtdn7hnhdq",
            "route_table_id": "",
            "subnet_id": "e9bj75c1s43vmjgail87",
            "v4_cidr_blocks": [
              "10.100.14.0/24"
            ],
            "v6_cidr_blocks": [],
            "zone": "ru-central1-a"
          },
          "sensitive_attributes": [],
          "identity_schema_version": 0
        }
      ]
    },
    {
      "mode": "managed",
      "type": "local_file",
      "name": "inventory",
      "provider": "provider[\"registry.terraform.io/hashicorp/local\"]",
      "instances": [
        {
          "schema_version": 0,
          "attributes": {
            "content": "[test]\r\nvm1 ansible_host=46.21.247.215 ansible_user=ubuntu\r\nvm2 ansible_host=84.201.156.72 ansible_user=ubuntu\r\nvm3 ansible_host=89.169.145.43 ansible_user=ubuntu\r\n",
            "content_base64": null,
            "content_base64sha256": "1Lh3fDYaR5atQibRz9dcEb3VXRn3sWb8jsjOW1Ip7GY=",
            "content_base64sha512": "DRUMQWkRVH4N9NQrxIus4+LlHdM5Vk4OTSt2vlsewEm+jAaDW9sO6VG9PGrylYX9Qipii99rayoiYBVhoe6Hqw==",
            "content_md5": "6e0f964825ff024ec576719af647ecb6",
            "content_sha1": "165f225aec408587e736d481bedea31274f0924c",
            "content_sha256": "d4b8777c361a4796ad4226d1cfd75c11bdd55d19f7b166fc8ec8ce5b5229ec66",
            "content_sha512": "0d150c416911547e0df4d42bc48bace3e2e51dd339564e0e4d2b76be5b1ec049be8c06835bdb0ee951bd3c6af29585fd422a628bdf6b6b2a22601561a1ee87ab",
            "directory_permission": "0777",
            "file_permission": "0777",
            "filename": "./inventory.ini",
            "id": "165f225aec408587e736d481bedea31274f0924c",
            "sensitive_content": null,
            "source": null
          },
          "sensitive_attributes": [
            [
              {
                "type": "get_attr",
                "value": "sensitive_content"
              }
            ]
          ],
          "identity_schema_version": 0,
          "dependencies": [
            "data.yandex_compute_image.ubuntu",
            "data.yandex_vpc_subnet.subnet",
            "module.vm1.null_resource.ansible_install",
            "module.vm1.yandex_compute_instance.instance",
            "module.vm2.null_resource.ansible_install",
            "module.vm2.yandex_compute_instance.instance",
            "module.vm3.null_resource.ansible_install",
            "module.vm3.yandex_compute_instance.instance"
          ]
        }
      ]
    },
    {
      "module": "module.vm1",
      "mode": "managed",
      "type": "null_resource",
      "name": "ansible_install",
      "provider": "provider[\"registry.terraform.io/hashicorp/null\"]",
      "instances": [
        {
          "index_key": 0,
          "schema_version": 0,
          "attributes": {
            "id": "3032676602132502613",
            "triggers": null
          },
          "sensitive_attributes": [],
          "identity_schema_version": 0,
          "dependencies": [
            "data.yandex_compute_image.ubuntu",
            "data.yandex_vpc_subnet.subnet",
            "module.vm1.yandex_compute_instance.instance"
          ]
        }
      ]
    },
    {
      "module": "module.vm1",
      "mode": "managed",
      "type": "yandex_compute_instance",
      "name": "instance",
      "provider": "provider[\"registry.terraform.io/yandex-cloud/yandex\"]",
      "instances": [
        {
          "schema_version": 1,
          "attributes": {
            "allow_recreate": null,
            "allow_stopping_for_update": null,
            "boot_disk": [
              {
                "auto_delete": true,
                "device_name": "fhmr7esr5nr2uvucqlrj",
                "disk_id": "fhmr7esr5nr2uvucqlrj",
                "initialize_params": [
                  {
                    "block_size": 4096,
                    "description": "",
                    "image_id": "fd8tb05vfocj9h49m08d",
                    "kms_key_id": "",
                    "name": "",
                    "size": 50,
                    "snapshot_id": "",
                    "type": "network-hdd"
                  }
                ],
                "mode": "READ_WRITE"
              }
            ],
            "created_at": "2026-03-06T01:58:25Z",
            "description": "",
            "filesystem": [],
            "folder_id": "b1g72g9tol5c1p1d53uc",
            "fqdn": "fhmhdi35kodbaiojehip.auto.internal",
            "gpu_cluster_id": "",
            "hardware_generation": [
              {
                "generation2_features": [],
                "legacy_features": [
                  {
                    "pci_topology": "PCI_TOPOLOGY_V2"
                  }
                ]
              }
            ],
            "hostname": "",
            "id": "fhmhdi35kodbaiojehip",
            "labels": null,
            "local_disk": [],
            "maintenance_grace_period": "",
            "maintenance_policy": null,
            "metadata": {
              "ssh-keys": "ubuntu:ssh-ed25519 AAAAC3NzaC1lZDI1NTE5AAAAIGdcaKqphrTvyOAA48rD/gcdWGs7A4aiA4c8JaR5NzXj id_rsa\r\n"
            },
            "metadata_options": [
              {
                "aws_v1_http_endpoint": 1,
                "aws_v1_http_token": 2,
                "gce_http_endpoint": 1,
                "gce_http_token": 1
              }
            ],
            "name": "vm1",
            "network_acceleration_type": "standard",
            "network_interface": [
              {
                "dns_record": [],
                "index": 0,
                "ip_address": "10.100.14.13",
                "ipv4": true,
                "ipv6": false,
                "ipv6_address": "",
                "ipv6_dns_record": [],
                "mac_address": "d0:0d:11:6c:86:5a",
                "nat": true,
                "nat_dns_record": [],
                "nat_ip_address": "46.21.247.215",
                "nat_ip_version": "IPV4",
                "security_group_ids": null,
                "subnet_id": "e9bj75c1s43vmjgail87"
              }
            ],
            "placement_policy": [
              {
                "host_affinity_rules": [],
                "placement_group_id": "",
                "placement_group_partition": 0
              }
            ],
            "platform_id": "standard-v1",
            "resources": [
              {
                "core_fraction": 100,
                "cores": 2,
                "gpus": 0,
                "memory": 4
              }
            ],
            "scheduling_policy": [
              {
                "preemptible": false
              }
            ],
            "secondary_disk": [],
            "service_account_id": "",
            "status": "running",
            "timeouts": null,
            "zone": "ru-central1-a"
          },
          "sensitive_attributes": [],
          "identity_schema_version": 0,
          "private": "eyJlMmJmYjczMC1lY2FhLTExZTYtOGY4OC0zNDM2M2JjN2M0YzAiOnsiY3JlYXRlIjozMDAwMDAwMDAwMDAsImRlbGV0ZSI6MzAwMDAwMDAwMDAwLCJ1cGRhdGUiOjMwMDAwMDAwMDAwMH0sInNjaGVtYV92ZXJzaW9uIjoiMSJ9",
          "dependencies": [
            "data.yandex_compute_image.ubuntu",
            "data.yandex_vpc_subnet.subnet"
          ]
        }
      ]
    },
    {
      "module": "module.vm2",
      "mode": "managed",
      "type": "null_resource",
      "name": "ansible_install",
      "provider": "provider[\"registry.terraform.io/hashicorp/null\"]",
      "instances": [
        {
          "index_key": 0,
          "schema_version": 0,
          "attributes": {
            "id": "3196833747141194213",
            "triggers": null
          },
          "sensitive_attributes": [],
          "identity_schema_version": 0,
          "dependencies": [
            "data.yandex_compute_image.ubuntu",
            "data.yandex_vpc_subnet.subnet",
            "module.vm2.yandex_compute_instance.instance"
          ]
        }
      ]
    },
    {
      "module": "module.vm2",
      "mode": "managed",
      "type": "yandex_compute_instance",
      "name": "instance",
      "provider": "provider[\"registry.terraform.io/yandex-cloud/yandex\"]",
      "instances": [
        {
          "schema_version": 1,
          "attributes": {
            "allow_recreate": null,
            "allow_stopping_for_update": null,
            "boot_disk": [
              {
                "auto_delete": true,
                "device_name": "fhmmcpkii35c4o3tpoti",
                "disk_id": "fhmmcpkii35c4o3tpoti",
                "initialize_params": [
                  {
                    "block_size": 4096,
                    "description": "",
                    "image_id": "fd8tb05vfocj9h49m08d",
                    "kms_key_id": "",
                    "name": "",
                    "size": 50,
                    "snapshot_id": "",
                    "type": "network-hdd"
                  }
                ],
                "mode": "READ_WRITE"
              }
            ],
            "created_at": "2026-03-06T01:58:25Z",
            "description": "",
            "filesystem": [],
            "folder_id": "b1g72g9tol5c1p1d53uc",
            "fqdn": "fhmbab33j94taei19sv5.auto.internal",
            "gpu_cluster_id": "",
            "hardware_generation": [
              {
                "generation2_features": [],
                "legacy_features": [
                  {
                    "pci_topology": "PCI_TOPOLOGY_V2"
                  }
                ]
              }
            ],
            "hostname": "",
            "id": "fhmbab33j94taei19sv5",
            "labels": null,
            "local_disk": [],
            "maintenance_grace_period": "",
            "maintenance_policy": null,
            "metadata": {
              "ssh-keys": "ubuntu:ssh-ed25519 AAAAC3NzaC1lZDI1NTE5AAAAIGdcaKqphrTvyOAA48rD/gcdWGs7A4aiA4c8JaR5NzXj id_rsa\r\n"
            },
            "metadata_options": [
              {
                "aws_v1_http_endpoint": 1,
                "aws_v1_http_token": 2,
                "gce_http_endpoint": 1,
                "gce_http_token": 1
              }
            ],
            "name": "vm2",
            "network_acceleration_type": "standard",
            "network_interface": [
              {
                "dns_record": [],
                "index": 0,
                "ip_address": "10.100.14.23",
                "ipv4": true,
                "ipv6": false,
                "ipv6_address": "",
                "ipv6_dns_record": [],
                "mac_address": "d0:0d:b5:2c:63:9a",
                "nat": true,
                "nat_dns_record": [],
                "nat_ip_address": "84.201.156.72",
                "nat_ip_version": "IPV4",
                "security_group_ids": null,
                "subnet_id": "e9bj75c1s43vmjgail87"
              }
            ],
            "placement_policy": [
              {
                "host_affinity_rules": [],
                "placement_group_id": "",
                "placement_group_partition": 0
              }
            ],
            "platform_id": "standard-v1",
            "resources": [
              {
                "core_fraction": 100,
                "cores": 2,
                "gpus": 0,
                "memory": 4
              }
            ],
            "scheduling_policy": [
              {
                "preemptible": false
              }
            ],
            "secondary_disk": [],
            "service_account_id": "",
            "status": "running",
            "timeouts": null,
            "zone": "ru-central1-a"
          },
          "sensitive_attributes": [],
          "identity_schema_version": 0,
          "private": "eyJlMmJmYjczMC1lY2FhLTExZTYtOGY4OC0zNDM2M2JjN2M0YzAiOnsiY3JlYXRlIjozMDAwMDAwMDAwMDAsImRlbGV0ZSI6MzAwMDAwMDAwMDAwLCJ1cGRhdGUiOjMwMDAwMDAwMDAwMH0sInNjaGVtYV92ZXJzaW9uIjoiMSJ9",
          "dependencies": [
            "data.yandex_compute_image.ubuntu",
            "data.yandex_vpc_subnet.subnet"
          ]
        }
      ]
    },
    {
      "module": "module.vm3",
      "mode": "managed",
      "type": "null_resource",
      "name": "ansible_install",
      "provider": "provider[\"registry.terraform.io/hashicorp/null\"]",
      "instances": [
        {
          "index_key": 0,
          "schema_version": 0,
          "attributes": {
            "id": "2805612261130702768",
            "triggers": null
          },
          "sensitive_attributes": [],
          "identity_schema_version": 0,
          "dependencies": [
            "data.yandex_compute_image.ubuntu",
            "data.yandex_vpc_subnet.subnet",
            "module.vm3.yandex_compute_instance.instance"
          ]
        }
      ]
    },
    {
      "module": "module.vm3",
      "mode": "managed",
      "type": "yandex_compute_instance",
      "name": "instance",
      "provider": "provider[\"registry.terraform.io/yandex-cloud/yandex\"]",
      "instances": [
        {
          "schema_version": 1,
          "attributes": {
            "allow_recreate": null,
            "allow_stopping_for_update": null,
            "boot_disk": [
              {
                "auto_delete": true,
                "device_name": "fhmlfp7537ecr2pg9ks7",
                "disk_id": "fhmlfp7537ecr2pg9ks7",
                "initialize_params": [
                  {
                    "block_size": 4096,
                    "description": "",
                    "image_id": "fd8tb05vfocj9h49m08d",
                    "kms_key_id": "",
                    "name": "",
                    "size": 50,
                    "snapshot_id": "",
                    "type": "network-hdd"
                  }
                ],
                "mode": "READ_WRITE"
              }
            ],
            "created_at": "2026-03-06T01:58:25Z",
            "description": "",
            "filesystem": [],
            "folder_id": "b1g72g9tol5c1p1d53uc",
            "fqdn": "fhmn8ikmv9o18dbsk2sr.auto.internal",
            "gpu_cluster_id": "",
            "hardware_generation": [
              {
                "generation2_features": [],
                "legacy_features": [
                  {
                    "pci_topology": "PCI_TOPOLOGY_V2"
                  }
                ]
              }
            ],
            "hostname": "",
            "id": "fhmn8ikmv9o18dbsk2sr",
            "labels": null,
            "local_disk": [],
            "maintenance_grace_period": "",
            "maintenance_policy": null,
            "metadata": {
              "ssh-keys": "ubuntu:ssh-ed25519 AAAAC3NzaC1lZDI1NTE5AAAAIGdcaKqphrTvyOAA48rD/gcdWGs7A4aiA4c8JaR5NzXj id_rsa\r\n"
            },
            "metadata_options": [
              {
                "aws_v1_http_endpoint": 1,
                "aws_v1_http_token": 2,
                "gce_http_endpoint": 1,
                "gce_http_token": 1
              }
            ],
            "name": "vm3",
            "network_acceleration_type": "standard",
            "network_interface": [
              {
                "dns_record": [],
                "index": 0,
                "ip_address": "10.100.14.32",
                "ipv4": true,
                "ipv6": false,
                "ipv6_address": "",
                "ipv6_dns_record": [],
                "mac_address": "d0:0d:17:44:a9:6f",
                "nat": true,
                "nat_dns_record": [],
                "nat_ip_address": "89.169.145.43",
                "nat_ip_version": "IPV4",
                "security_group_ids": null,
                "subnet_id": "e9bj75c1s43vmjgail87"
              }
            ],
            "placement_policy": [
              {
                "host_affinity_rules": [],
                "placement_group_id": "",
                "placement_group_partition": 0
              }
            ],
            "platform_id": "standard-v1",
            "resources": [
              {
                "core_fraction": 100,
                "cores": 2,
                "gpus": 0,
                "memory": 4
              }
            ],
            "scheduling_policy": [
              {
                "preemptible": false
              }
            ],
            "secondary_disk": [],
            "service_account_id": "",
            "status": "running",
            "timeouts": null,
            "zone": "ru-central1-a"
          },
          "sensitive_attributes": [],
          "identity_schema_version": 0,
          "private": "eyJlMmJmYjczMC1lY2FhLTExZTYtOGY4OC0zNDM2M2JjN2M0YzAiOnsiY3JlYXRlIjozMDAwMDAwMDAwMDAsImRlbGV0ZSI6MzAwMDAwMDAwMDAwLCJ1cGRhdGUiOjMwMDAwMDAwMDAwMH0sInNjaGVtYV92ZXJzaW9uIjoiMSJ9",
          "dependencies": [
            "data.yandex_compute_image.ubuntu",
            "data.yandex_vpc_subnet.subnet"
          ]
        }
      ]
    }
  ],
  "check_results": null
}
